
Microsoft Visual Studio Solution File, Format Version 12.00
# Visual Studio 2013
VisualStudioVersion = 12.0.40629.0
MinimumVisualStudioVersion = 10.0.40219.1
Project("{2150E333-8FDC-42A3-9474-1A3956D46DE8}") = "Contract", "Contract", "{22C9F692-0CFB-4A8B-978C-0C184F154127}"
EndProject
Project("{2150E333-8FDC-42A3-9474-1A3956D46DE8}") = "Service", "Service", "{5A5C0130-1CCE-4416-8C04-1FE048EEA4F1}"
EndProject
Project("{FAE04EC0-301F-11D3-BF4B-00C04F79EFBC}") = "Plus.Service", "Plus.Service\Plus.Service.csproj", "{12CB047D-D716-4C51-8F7A-7286C3882A89}"
EndProject
Project("{FAE04EC0-301F-11D3-BF4B-00C04F79EFBC}") = "AbstractContract", "Plus.Contracts\AbstractContract\AbstractContract.csproj", "{433735E2-8659-4F7F-B894-702036488445}"
EndProject
Project("{FAE04EC0-301F-11D3-BF4B-00C04F79EFBC}") = "AnnualHealthCheck", "Plus.Contracts\AnnualHealthCheck\AnnualHealthCheck.csproj", "{60181C7B-70E2-4EA3-850F-1A7950303C7A}"
EndProject
Project("{FAE04EC0-301F-11D3-BF4B-00C04F79EFBC}") = "PreEmployment", "Plus.Contracts\PreEmployment\PreEmployment.csproj", "{0B82434B-0A0E-44EC-B8B9-162CD22460B1}"
EndProject
Project("{FAE04EC0-301F-11D3-BF4B-00C04F79EFBC}") = "PrepolicyEsales", "Plus.Contracts\PrepolicyEsales\PrepolicyEsales.csproj", "{2F7E1F92-6F0E-4F42-8400-3A52209910B4}"
EndProject
Project("{2150E333-8FDC-42A3-9474-1A3956D46DE8}") = "Common", "Common", "{0A03F585-9D41-4CB9-9FC6-8C4738BBFA6F}"
EndProject
Project("{FAE04EC0-301F-11D3-BF4B-00C04F79EFBC}") = "Utility", "Plus.Common\Utility\Utility.csproj", "{212B3F72-E0AD-4F0D-9191-F79FC3F4161C}"
EndProject
Project("{2150E333-8FDC-42A3-9474-1A3956D46DE8}") = "Models", "Models", "{84D8C692-2768-4507-987F-8378F3C7B2C7}"
EndProject
Project("{FAE04EC0-301F-11D3-BF4B-00C04F79EFBC}") = "Plus.Models", "Plus.Models\Plus.Models.csproj", "{3AC353B5-59EC-4C49-A60B-C8279F86FDA2}"
EndProject
Project("{2150E333-8FDC-42A3-9474-1A3956D46DE8}") = "Repository", "Repository", "{0FD9F548-FFBE-499D-984F-DCD18EFE23D5}"
EndProject
Project("{FAE04EC0-301F-11D3-BF4B-00C04F79EFBC}") = "Plus.Repository", "Plus.Repository\Plus.Repository.csproj", "{5DA2299B-CB39-478E-8F4A-284972B2F8B3}"
EndProject
Project("{2150E333-8FDC-42A3-9474-1A3956D46DE8}") = "Workflow", "Workflow", "{FCA94264-F18B-43B4-942F-25E3208FFD5C}"
EndProject
Project("{FAE04EC0-301F-11D3-BF4B-00C04F79EFBC}") = "Plus.WorkFlow", "Plus.WorkFlow\Plus.WorkFlow.csproj", "{328F4B78-CFCE-4446-9602-5985DB2615D2}"
EndProject
Project("{FAE04EC0-301F-11D3-BF4B-00C04F79EFBC}") = "Maternity", "Plus.Contracts\Maternity\Maternity.csproj", "{A1102A34-6F08-400C-92ED-5E0D76B3D0C4}"
EndProject
Project("{FAE04EC0-301F-11D3-BF4B-00C04F79EFBC}") = "OnsiteHealthCheck", "Plus.Contracts\OnsiteHealthCheck\OnsiteHealthCheck.csproj", "{42099ECD-4E6C-4B3A-87A4-3484E973AF95}"
EndProject
Project("{FAE04EC0-301F-11D3-BF4B-00C04F79EFBC}") = "OutPatientDepartment", "Plus.Contracts\OutPatientDepartment\OutPatientDepartment.csproj", "{A68F7CDA-B7D5-4F22-A6FC-9538975B3734}"
EndProject
Project("{FAE04EC0-301F-11D3-BF4B-00C04F79EFBC}") = "Overseas", "Plus.Contracts\Overseas\Overseas.csproj", "{1691B898-535E-41B1-9F1B-2C20CB2333E1}"
EndProject
Project("{FAE04EC0-301F-11D3-BF4B-00C04F79EFBC}") = "Pharmacy", "Plus.Contracts\Pharmacy\Pharmacy.csproj", "{F7E8A4F5-F76E-4D2F-82C3-AC2C6F10A315}"
EndProject
Project("{FAE04EC0-301F-11D3-BF4B-00C04F79EFBC}") = "TeleUnderWriting", "Plus.Contracts\TeleUnderWriting\TeleUnderWriting.csproj", "{E2350BB0-88C4-4221-A75C-1FF94928DD99}"
EndProject
Project("{FAE04EC0-301F-11D3-BF4B-00C04F79EFBC}") = "YourDost", "Plus.Contracts\YourDost\YourDost.csproj", "{67495681-E4D2-4C7C-86BB-74E53E6FA5C8}"
EndProject
Project("{FAE04EC0-301F-11D3-BF4B-00C04F79EFBC}") = "MPPharmacy", "Plus.Contracts\MPPharmacy\MPPharmacy.csproj", "{715743AC-65AE-4330-9117-D98C7044E9D2}"
EndProject
Project("{FAE04EC0-301F-11D3-BF4B-00C04F79EFBC}") = "ESales", "Plus.Contracts\ESales\ESales.csproj", "{E8AB15E3-8A44-422E-95F3-F3EB22981347}"
EndProject
Project("{2150E333-8FDC-42A3-9474-1A3956D46DE8}") = "Solution Items", "Solution Items", "{9C9FFBBC-E8F5-44F2-9FBE-6709D6609E07}"
	ProjectSection(SolutionItems) = preProject
		PlusQueue.pssln = PlusQueue.pssln
	EndProjectSection
EndProject
Global
	GlobalSection(SolutionConfigurationPlatforms) = preSolution
		Debug|Any CPU = Debug|Any CPU
		Release|Any CPU = Release|Any CPU
	EndGlobalSection
	GlobalSection(ProjectConfigurationPlatforms) = postSolution
		{12CB047D-D716-4C51-8F7A-7286C3882A89}.Debug|Any CPU.ActiveCfg = Debug|Any CPU
		{12CB047D-D716-4C51-8F7A-7286C3882A89}.Debug|Any CPU.Build.0 = Debug|Any CPU
		{12CB047D-D716-4C51-8F7A-7286C3882A89}.Release|Any CPU.ActiveCfg = Release|Any CPU
		{12CB047D-D716-4C51-8F7A-7286C3882A89}.Release|Any CPU.Build.0 = Release|Any CPU
		{433735E2-8659-4F7F-B894-702036488445}.Debug|Any CPU.ActiveCfg = Debug|Any CPU
		{433735E2-8659-4F7F-B894-702036488445}.Debug|Any CPU.Build.0 = Debug|Any CPU
		{433735E2-8659-4F7F-B894-702036488445}.Release|Any CPU.ActiveCfg = Release|Any CPU
		{433735E2-8659-4F7F-B894-702036488445}.Release|Any CPU.Build.0 = Release|Any CPU
		{60181C7B-70E2-4EA3-850F-1A7950303C7A}.Debug|Any CPU.ActiveCfg = Debug|Any CPU
		{60181C7B-70E2-4EA3-850F-1A7950303C7A}.Debug|Any CPU.Build.0 = Debug|Any CPU
		{60181C7B-70E2-4EA3-850F-1A7950303C7A}.Release|Any CPU.ActiveCfg = Release|Any CPU
		{60181C7B-70E2-4EA3-850F-1A7950303C7A}.Release|Any CPU.Build.0 = Release|Any CPU
		{0B82434B-0A0E-44EC-B8B9-162CD22460B1}.Debug|Any CPU.ActiveCfg = Debug|Any CPU
		{0B82434B-0A0E-44EC-B8B9-162CD22460B1}.Debug|Any CPU.Build.0 = Debug|Any CPU
		{0B82434B-0A0E-44EC-B8B9-162CD22460B1}.Release|Any CPU.ActiveCfg = Release|Any CPU
		{0B82434B-0A0E-44EC-B8B9-162CD22460B1}.Release|Any CPU.Build.0 = Release|Any CPU
		{2F7E1F92-6F0E-4F42-8400-3A52209910B4}.Debug|Any CPU.ActiveCfg = Debug|Any CPU
		{2F7E1F92-6F0E-4F42-8400-3A52209910B4}.Debug|Any CPU.Build.0 = Debug|Any CPU
		{2F7E1F92-6F0E-4F42-8400-3A52209910B4}.Release|Any CPU.ActiveCfg = Release|Any CPU
		{2F7E1F92-6F0E-4F42-8400-3A52209910B4}.Release|Any CPU.Build.0 = Release|Any CPU
		{212B3F72-E0AD-4F0D-9191-F79FC3F4161C}.Debug|Any CPU.ActiveCfg = Debug|Any CPU
		{212B3F72-E0AD-4F0D-9191-F79FC3F4161C}.Debug|Any CPU.Build.0 = Debug|Any CPU
		{212B3F72-E0AD-4F0D-9191-F79FC3F4161C}.Release|Any CPU.ActiveCfg = Release|Any CPU
		{212B3F72-E0AD-4F0D-9191-F79FC3F4161C}.Release|Any CPU.Build.0 = Release|Any CPU
		{3AC353B5-59EC-4C49-A60B-C8279F86FDA2}.Debug|Any CPU.ActiveCfg = Debug|Any CPU
		{3AC353B5-59EC-4C49-A60B-C8279F86FDA2}.Debug|Any CPU.Build.0 = Debug|Any CPU
		{3AC353B5-59EC-4C49-A60B-C8279F86FDA2}.Release|Any CPU.ActiveCfg = Release|Any CPU
		{3AC353B5-59EC-4C49-A60B-C8279F86FDA2}.Release|Any CPU.Build.0 = Release|Any CPU
		{5DA2299B-CB39-478E-8F4A-284972B2F8B3}.Debug|Any CPU.ActiveCfg = Debug|Any CPU
		{5DA2299B-CB39-478E-8F4A-284972B2F8B3}.Debug|Any CPU.Build.0 = Debug|Any CPU
		{5DA2299B-CB39-478E-8F4A-284972B2F8B3}.Release|Any CPU.ActiveCfg = Release|Any CPU
		{5DA2299B-CB39-478E-8F4A-284972B2F8B3}.Release|Any CPU.Build.0 = Release|Any CPU
		{328F4B78-CFCE-4446-9602-5985DB2615D2}.Debug|Any CPU.ActiveCfg = Debug|Any CPU
		{328F4B78-CFCE-4446-9602-5985DB2615D2}.Debug|Any CPU.Build.0 = Debug|Any CPU
		{328F4B78-CFCE-4446-9602-5985DB2615D2}.Release|Any CPU.ActiveCfg = Release|Any CPU
		{328F4B78-CFCE-4446-9602-5985DB2615D2}.Release|Any CPU.Build.0 = Release|Any CPU
		{A1102A34-6F08-400C-92ED-5E0D76B3D0C4}.Debug|Any CPU.ActiveCfg = Debug|Any CPU
		{A1102A34-6F08-400C-92ED-5E0D76B3D0C4}.Debug|Any CPU.Build.0 = Debug|Any CPU
		{A1102A34-6F08-400C-92ED-5E0D76B3D0C4}.Release|Any CPU.ActiveCfg = Release|Any CPU
		{A1102A34-6F08-400C-92ED-5E0D76B3D0C4}.Release|Any CPU.Build.0 = Release|Any CPU
		{42099ECD-4E6C-4B3A-87A4-3484E973AF95}.Debug|Any CPU.ActiveCfg = Debug|Any CPU
		{42099ECD-4E6C-4B3A-87A4-3484E973AF95}.Debug|Any CPU.Build.0 = Debug|Any CPU
		{42099ECD-4E6C-4B3A-87A4-3484E973AF95}.Release|Any CPU.ActiveCfg = Release|Any CPU
		{42099ECD-4E6C-4B3A-87A4-3484E973AF95}.Release|Any CPU.Build.0 = Release|Any CPU
		{A68F7CDA-B7D5-4F22-A6FC-9538975B3734}.Debug|Any CPU.ActiveCfg = Debug|Any CPU
		{A68F7CDA-B7D5-4F22-A6FC-9538975B3734}.Debug|Any CPU.Build.0 = Debug|Any CPU
		{A68F7CDA-B7D5-4F22-A6FC-9538975B3734}.Release|Any CPU.ActiveCfg = Release|Any CPU
		{A68F7CDA-B7D5-4F22-A6FC-9538975B3734}.Release|Any CPU.Build.0 = Release|Any CPU
		{1691B898-535E-41B1-9F1B-2C20CB2333E1}.Debug|Any CPU.ActiveCfg = Debug|Any CPU
		{1691B898-535E-41B1-9F1B-2C20CB2333E1}.Debug|Any CPU.Build.0 = Debug|Any CPU
		{1691B898-535E-41B1-9F1B-2C20CB2333E1}.Release|Any CPU.ActiveCfg = Release|Any CPU
		{1691B898-535E-41B1-9F1B-2C20CB2333E1}.Release|Any CPU.Build.0 = Release|Any CPU
		{F7E8A4F5-F76E-4D2F-82C3-AC2C6F10A315}.Debug|Any CPU.ActiveCfg = Debug|Any CPU
		{F7E8A4F5-F76E-4D2F-82C3-AC2C6F10A315}.Debug|Any CPU.Build.0 = Debug|Any CPU
		{F7E8A4F5-F76E-4D2F-82C3-AC2C6F10A315}.Release|Any CPU.ActiveCfg = Release|Any CPU
		{E2350BB0-88C4-4221-A75C-1FF94928DD99}.Debug|Any CPU.ActiveCfg = Debug|Any CPU
		{E2350BB0-88C4-4221-A75C-1FF94928DD99}.Debug|Any CPU.Build.0 = Debug|Any CPU
		{E2350BB0-88C4-4221-A75C-1FF94928DD99}.Release|Any CPU.ActiveCfg = Release|Any CPU
		{E2350BB0-88C4-4221-A75C-1FF94928DD99}.Release|Any CPU.Build.0 = Release|Any CPU
		{67495681-E4D2-4C7C-86BB-74E53E6FA5C8}.Debug|Any CPU.ActiveCfg = Debug|Any CPU
		{67495681-E4D2-4C7C-86BB-74E53E6FA5C8}.Debug|Any CPU.Build.0 = Debug|Any CPU
		{67495681-E4D2-4C7C-86BB-74E53E6FA5C8}.Release|Any CPU.ActiveCfg = Release|Any CPU
		{67495681-E4D2-4C7C-86BB-74E53E6FA5C8}.Release|Any CPU.Build.0 = Release|Any CPU
		{715743AC-65AE-4330-9117-D98C7044E9D2}.Debug|Any CPU.ActiveCfg = Debug|Any CPU
		{715743AC-65AE-4330-9117-D98C7044E9D2}.Debug|Any CPU.Build.0 = Debug|Any CPU
		{715743AC-65AE-4330-9117-D98C7044E9D2}.Release|Any CPU.ActiveCfg = Release|Any CPU
		{715743AC-65AE-4330-9117-D98C7044E9D2}.Release|Any CPU.Build.0 = Release|Any CPU
		{E8AB15E3-8A44-422E-95F3-F3EB22981347}.Debug|Any CPU.ActiveCfg = Debug|Any CPU
		{E8AB15E3-8A44-422E-95F3-F3EB22981347}.Debug|Any CPU.Build.0 = Debug|Any CPU
		{E8AB15E3-8A44-422E-95F3-F3EB22981347}.Release|Any CPU.ActiveCfg = Release|Any CPU
		{E8AB15E3-8A44-422E-95F3-F3EB22981347}.Release|Any CPU.Build.0 = Release|Any CPU
	EndGlobalSection
	GlobalSection(SolutionProperties) = preSolution
		HideSolutionNode = FALSE
	EndGlobalSection
	GlobalSection(NestedProjects) = preSolution
		{12CB047D-D716-4C51-8F7A-7286C3882A89} = {5A5C0130-1CCE-4416-8C04-1FE048EEA4F1}
		{433735E2-8659-4F7F-B894-702036488445} = {22C9F692-0CFB-4A8B-978C-0C184F154127}
		{60181C7B-70E2-4EA3-850F-1A7950303C7A} = {22C9F692-0CFB-4A8B-978C-0C184F154127}
		{0B82434B-0A0E-44EC-B8B9-162CD22460B1} = {22C9F692-0CFB-4A8B-978C-0C184F154127}
		{2F7E1F92-6F0E-4F42-8400-3A52209910B4} = {22C9F692-0CFB-4A8B-978C-0C184F154127}
		{212B3F72-E0AD-4F0D-9191-F79FC3F4161C} = {0A03F585-9D41-4CB9-9FC6-8C4738BBFA6F}
		{3AC353B5-59EC-4C49-A60B-C8279F86FDA2} = {84D8C692-2768-4507-987F-8378F3C7B2C7}
		{5DA2299B-CB39-478E-8F4A-284972B2F8B3} = {0FD9F548-FFBE-499D-984F-DCD18EFE23D5}
		{328F4B78-CFCE-4446-9602-5985DB2615D2} = {FCA94264-F18B-43B4-942F-25E3208FFD5C}
		{A1102A34-6F08-400C-92ED-5E0D76B3D0C4} = {22C9F692-0CFB-4A8B-978C-0C184F154127}
		{42099ECD-4E6C-4B3A-87A4-3484E973AF95} = {22C9F692-0CFB-4A8B-978C-0C184F154127}
		{A68F7CDA-B7D5-4F22-A6FC-9538975B3734} = {22C9F692-0CFB-4A8B-978C-0C184F154127}
		{1691B898-535E-41B1-9F1B-2C20CB2333E1} = {22C9F692-0CFB-4A8B-978C-0C184F154127}
		{F7E8A4F5-F76E-4D2F-82C3-AC2C6F10A315} = {22C9F692-0CFB-4A8B-978C-0C184F154127}
		{E2350BB0-88C4-4221-A75C-1FF94928DD99} = {22C9F692-0CFB-4A8B-978C-0C184F154127}
		{67495681-E4D2-4C7C-86BB-74E53E6FA5C8} = {22C9F692-0CFB-4A8B-978C-0C184F154127}
		{715743AC-65AE-4330-9117-D98C7044E9D2} = {22C9F692-0CFB-4A8B-978C-0C184F154127}
		{E8AB15E3-8A44-422E-95F3-F3EB22981347} = {22C9F692-0CFB-4A8B-978C-0C184F154127}
	EndGlobalSection
EndGlobal
